
Microsoft Visual Studio Solution File, Format Version 12.00
# Visual Studio 2012
Project("{FAE04EC0-301F-11D3-BF4B-00C04F79EFBC}") = "LoginProcess", "Login\LoginProcess.csproj", "{99E9000D-15A7-490B-BA61-40C98102B3D9}"
EndProject
Project("{FAE04EC0-301F-11D3-BF4B-00C04F79EFBC}") = "Login.Tests", "Login.Tests\Login.Tests.csproj", "{2FD8C640-665D-4672-80D7-B7252C3246EC}"
EndProject
Global
	GlobalSection(SolutionConfigurationPlatforms) = preSolution
		Debug|Any CPU = Debug|Any CPU
		Release|Any CPU = Release|Any CPU
	EndGlobalSection
	GlobalSection(ProjectConfigurationPlatforms) = postSolution
		{99E9000D-15A7-490B-BA61-40C98102B3D9}.Debug|Any CPU.ActiveCfg = Debug|Any CPU
		{99E9000D-15A7-490B-BA61-40C98102B3D9}.Debug|Any CPU.Build.0 = Debug|Any CPU
		{99E9000D-15A7-490B-BA61-40C98102B3D9}.Release|Any CPU.ActiveCfg = Release|Any CPU
		{99E9000D-15A7-490B-BA61-40C98102B3D9}.Release|Any CPU.Build.0 = Release|Any CPU
		{2FD8C640-665D-4672-80D7-B7252C3246EC}.Debug|Any CPU.ActiveCfg = Debug|Any CPU
		{2FD8C640-665D-4672-80D7-B7252C3246EC}.Debug|Any CPU.Build.0 = Debug|Any CPU
		{2FD8C640-665D-4672-80D7-B7252C3246EC}.Release|Any CPU.ActiveCfg = Release|Any CPU
		{2FD8C640-665D-4672-80D7-B7252C3246EC}.Release|Any CPU.Build.0 = Release|Any CPU
	EndGlobalSection
EndGlobal
